
Microsoft Visual Studio Solution File, Format Version 12.00
# Visual Studio Version 16
VisualStudioVersion = 16.0.31911.196
MinimumVisualStudioVersion = 10.0.40219.1
Project("{FAE04EC0-301F-11D3-BF4B-00C04F79EFBC}") = "ZeiControl", "ZeiControl.csproj", "{6C75DBA7-8D59-4A0C-A275-AB362ADF7B23}"
EndProject
Global
	GlobalSection(SolutionConfigurationPlatforms) = preSolution
		Debug|Any CPU = Debug|Any CPU
		Release|Any CPU = Release|Any CPU
	EndGlobalSection
	GlobalSection(ProjectConfigurationPlatforms) = postSolution
		{6C75DBA7-8D59-4A0C-A275-AB362ADF7B23}.Debug|Any CPU.ActiveCfg = Debug|Any CPU
		{6C75DBA7-8D59-4A0C-A275-AB362ADF7B23}.Debug|Any CPU.Build.0 = Debug|Any CPU
		{6C75DBA7-8D59-4A0C-A275-AB362ADF7B23}.Release|Any CPU.ActiveCfg = Release|Any CPU
		{6C75DBA7-8D59-4A0C-A275-AB362ADF7B23}.Release|Any CPU.Build.0 = Release|Any CPU
	EndGlobalSection
	GlobalSection(SolutionProperties) = preSolution
		HideSolutionNode = FALSE
	EndGlobalSection
	GlobalSection(ExtensibilityGlobals) = postSolution
		SolutionGuid = {FEC3FE34-F315-4370-AF56-D8BDC451362E}
	EndGlobalSection
EndGlobal
